
Microsoft Visual Studio Solution File, Format Version 12.00
# Visual Studio Version 17
VisualStudioVersion = 17.4.33103.184
MinimumVisualStudioVersion = 10.0.40219.1
Project("{8BC9CEB8-8B4A-11D0-8D11-00A0C91BC942}") = "StructLecture", "StructLecture\StructLecture.vcxproj", "{8ED95F18-1BD9-4809-A69C-E95E8DCBE7DA}"
EndProject
Global
	GlobalSection(SolutionConfigurationPlatforms) = preSolution
		Debug|x64 = Debug|x64
		Debug|x86 = Debug|x86
		Release|x64 = Release|x64
		Release|x86 = Release|x86
	EndGlobalSection
	GlobalSection(ProjectConfigurationPlatforms) = postSolution
		{8ED95F18-1BD9-4809-A69C-E95E8DCBE7DA}.Debug|x64.ActiveCfg = Debug|x64
		{8ED95F18-1BD9-4809-A69C-E95E8DCBE7DA}.Debug|x64.Build.0 = Debug|x64
		{8ED95F18-1BD9-4809-A69C-E95E8DCBE7DA}.Debug|x86.ActiveCfg = Debug|Win32
		{8ED95F18-1BD9-4809-A69C-E95E8DCBE7DA}.Debug|x86.Build.0 = Debug|Win32
		{8ED95F18-1BD9-4809-A69C-E95E8DCBE7DA}.Release|x64.ActiveCfg = Release|x64
		{8ED95F18-1BD9-4809-A69C-E95E8DCBE7DA}.Release|x64.Build.0 = Release|x64
		{8ED95F18-1BD9-4809-A69C-E95E8DCBE7DA}.Release|x86.ActiveCfg = Release|Win32
		{8ED95F18-1BD9-4809-A69C-E95E8DCBE7DA}.Release|x86.Build.0 = Release|Win32
	EndGlobalSection
	GlobalSection(SolutionProperties) = preSolution
		HideSolutionNode = FALSE
	EndGlobalSection
	GlobalSection(ExtensibilityGlobals) = postSolution
		SolutionGuid = {341EFA5C-7739-41E1-B31E-6B8C5F67361F}
	EndGlobalSection
EndGlobal
